# Generated by pub
# See http://pub.dartlang.org/doc/glossary.html#lockfile

{"packages":{"disposable":{"version":"0.1.0","source":"hosted","description":"disposable"},"meta":{"version":"0.5.0+1","source":"hosted","description":"meta"},"unittest":{"version":"0.5.0+1","source":"hosted","description":"unittest"}}}
